// !$*UTF8*$!
{
	archiveVersion = 1;
	classes = {
	};
	objectVersion = 50;
	objects = {

/* Begin PBXBuildFile section */
		FC3A244A22EDF75C009918CF /* AppDelegate.swift in Sources */ = {isa = PBXBuildFile; fileRef = FC3A244922EDF75C009918CF /* AppDelegate.swift */; };
		FC3A244C22EDF75C009918CF /* SceneDelegate.swift in Sources */ = {isa = PBXBuildFile; fileRef = FC3A244B22EDF75C009918CF /* SceneDelegate.swift */; };
		FC3A244E22EDF75C009918CF /* ViewController.swift in Sources */ = {isa = PBXBuildFile; fileRef = FC3A244D22EDF75C009918CF /* ViewController.swift */; };
		FC3A245122EDF75C009918CF /* Main.storyboard in Resources */ = {isa = PBXBuildFile; fileRef = FC3A244F22EDF75C009918CF /* Main.storyboard */; };
		FC3A245322EDF75E009918CF /* Assets.xcassets in Resources */ = {isa = PBXBuildFile; fileRef = FC3A245222EDF75E009918CF /* Assets.xcassets */; };
		FC3A245622EDF75E009918CF /* LaunchScreen.storyboard in Resources */ = {isa = PBXBuildFile; fileRef = FC3A245422EDF75E009918CF /* LaunchScreen.storyboard */; };
		FC3A246422EDF7F0009918CF /* KeyboardViewController.swift in Sources */ = {isa = PBXBuildFile; fileRef = FC3A246322EDF7F0009918CF /* KeyboardViewController.swift */; };
		FC3A246822EDF7F0009918CF /* Hodor.appex in Embed App Extensions */ = {isa = PBXBuildFile; fileRef = FC3A246122EDF7F0009918CF /* Hodor.appex */; settings = {ATTRIBUTES = (RemoveHeadersOnCopy, ); }; };
		FC3A246E22EDFB3F009918CF /* hodor.png in Resources */ = {isa = PBXBuildFile; fileRef = FC3A246D22EDFB3F009918CF /* hodor.png */; };
/* End PBXBuildFile section */

/* Begin PBXContainerItemProxy section */
		FC3A246622EDF7F0009918CF /* PBXContainerItemProxy */ = {
			isa = PBXContainerItemProxy;
			containerPortal = FC3A243E22EDF75C009918CF /* Project object */;
			proxyType = 1;
			remoteGlobalIDString = FC3A246022EDF7F0009918CF;
			remoteInfo = Hodor;
		};
/* End PBXContainerItemProxy section */

/* Begin PBXCopyFilesBuildPhase section */
		FC3A246C22EDF7F0009918CF /* Embed App Extensions */ = {
			isa = PBXCopyFilesBuildPhase;
			buildActionMask = 2147483647;
			dstPath = "";
			dstSubfolderSpec = 13;
			files = (
				FC3A246822EDF7F0009918CF /* Hodor.appex in Embed App Extensions */,
			);
			name = "Embed App Extensions";
			runOnlyForDeploymentPostprocessing = 0;
		};
/* End PBXCopyFilesBuildPhase section */

/* Begin PBXFileReference section */
		FC3A244622EDF75C009918CF /* HodorKeyboard.app */ = {isa = PBXFileReference; explicitFileType = wrapper.application; includeInIndex = 0; path = HodorKeyboard.app; sourceTree = BUILT_PRODUCTS_DIR; };
		FC3A244922EDF75C009918CF /* AppDelegate.swift */ = {isa = PBXFileReference; lastKnownFileType = sourcecode.swift; path = AppDelegate.swift; sourceTree = "<group>"; };
		FC3A244B22EDF75C009918CF /* SceneDelegate.swift */ = {isa = PBXFileReference; lastKnownFileType = sourcecode.swift; path = SceneDelegate.swift; sourceTree = "<group>"; };
		FC3A244D22EDF75C009918CF /* ViewController.swift */ = {isa = PBXFileReference; lastKnownFileType = sourcecode.swift; path = ViewController.swift; sourceTree = "<group>"; };
		FC3A245022EDF75C009918CF /* Base */ = {isa = PBXFileReference; lastKnownFileType = file.storyboard; name = Base; path = Base.lproj/Main.storyboard; sourceTree = "<group>"; };
		FC3A245222EDF75E009918CF /* Assets.xcassets */ = {isa = PBXFileReference; lastKnownFileType = folder.assetcatalog; path = Assets.xcassets; sourceTree = "<group>"; };
		FC3A245522EDF75E009918CF /* Base */ = {isa = PBXFileReference; lastKnownFileType = file.storyboard; name = Base; path = Base.lproj/LaunchScreen.storyboard; sourceTree = "<group>"; };
		FC3A245722EDF75E009918CF /* Info.plist */ = {isa = PBXFileReference; lastKnownFileType = text.plist.xml; path = Info.plist; sourceTree = "<group>"; };
		FC3A246122EDF7F0009918CF /* Hodor.appex */ = {isa = PBXFileReference; explicitFileType = "wrapper.app-extension"; includeInIndex = 0; path = Hodor.appex; sourceTree = BUILT_PRODUCTS_DIR; };
		FC3A246322EDF7F0009918CF /* KeyboardViewController.swift */ = {isa = PBXFileReference; lastKnownFileType = sourcecode.swift; path = KeyboardViewController.swift; sourceTree = "<group>"; };
		FC3A246522EDF7F0009918CF /* Info.plist */ = {isa = PBXFileReference; lastKnownFileType = text.plist.xml; path = Info.plist; sourceTree = "<group>"; };
		FC3A246D22EDFB3F009918CF /* hodor.png */ = {isa = PBXFileReference; lastKnownFileType = image.png; path = hodor.png; sourceTree = "<group>"; };
/* End PBXFileReference section */

/* Begin PBXFrameworksBuildPhase section */
		FC3A244322EDF75C009918CF /* Frameworks */ = {
			isa = PBXFrameworksBuildPhase;
			buildActionMask = 2147483647;
			files = (
			);
			runOnlyForDeploymentPostprocessing = 0;
		};
		FC3A245E22EDF7F0009918CF /* Frameworks */ = {
			isa = PBXFrameworksBuildPhase;
			buildActionMask = 2147483647;
			files = (
			);
			runOnlyForDeploymentPostprocessing = 0;
		};
/* End PBXFrameworksBuildPhase section */

/* Begin PBXGroup section */
		FC3A243D22EDF75C009918CF = {
			isa = PBXGroup;
			children = (
				FC3A244822EDF75C009918CF /* HodorKeyboard */,
				FC3A246222EDF7F0009918CF /* Hodor */,
				FC3A244722EDF75C009918CF /* Products */,
			);
			sourceTree = "<group>";
		};
		FC3A244722EDF75C009918CF /* Products */ = {
			isa = PBXGroup;
			children = (
				FC3A244622EDF75C009918CF /* HodorKeyboard.app */,
				FC3A246122EDF7F0009918CF /* Hodor.appex */,
			);
			name = Products;
			sourceTree = "<group>";
		};
		FC3A244822EDF75C009918CF /* HodorKeyboard */ = {
			isa = PBXGroup;
			children = (
				FC3A244922EDF75C009918CF /* AppDelegate.swift */,
				FC3A244B22EDF75C009918CF /* SceneDelegate.swift */,
				FC3A244D22EDF75C009918CF /* ViewController.swift */,
				FC3A244F22EDF75C009918CF /* Main.storyboard */,
				FC3A245222EDF75E009918CF /* Assets.xcassets */,
				FC3A245422EDF75E009918CF /* LaunchScreen.storyboard */,
				FC3A245722EDF75E009918CF /* Info.plist */,
			);
			path = HodorKeyboard;
			sourceTree = "<group>";
		};
		FC3A246222EDF7F0009918CF /* Hodor */ = {
			isa = PBXGroup;
			children = (
				FC3A246D22EDFB3F009918CF /* hodor.png */,
				FC3A246322EDF7F0009918CF /* KeyboardViewController.swift */,
				FC3A246522EDF7F0009918CF /* Info.plist */,
			);
			path = Hodor;
			sourceTree = "<group>";
		};
/* End PBXGroup section */

/* Begin PBXNativeTarget section */
		FC3A244522EDF75C009918CF /* HodorKeyboard */ = {
			isa = PBXNativeTarget;
			buildConfigurationList = FC3A245A22EDF75E009918CF /* Build configuration list for PBXNativeTarget "HodorKeyboard" */;
			buildPhases = (
				FC3A244222EDF75C009918CF /* Sources */,
				FC3A244322EDF75C009918CF /* Frameworks */,
				FC3A244422EDF75C009918CF /* Resources */,
				FC3A246C22EDF7F0009918CF /* Embed App Extensions */,
			);
			buildRules = (
			);
			dependencies = (
				FC3A246722EDF7F0009918CF /* PBXTargetDependency */,
			);
			name = HodorKeyboard;
			productName = HodorKeyboard;
			productReference = FC3A244622EDF75C009918CF /* HodorKeyboard.app */;
			productType = "com.apple.product-type.application";
		};
		FC3A246022EDF7F0009918CF /* Hodor */ = {
			isa = PBXNativeTarget;
			buildConfigurationList = FC3A246922EDF7F0009918CF /* Build configuration list for PBXNativeTarget "Hodor" */;
			buildPhases = (
				FC3A245D22EDF7F0009918CF /* Sources */,
				FC3A245E22EDF7F0009918CF /* Frameworks */,
				FC3A245F22EDF7F0009918CF /* Resources */,
			);
			buildRules = (
			);
			dependencies = (
			);
			name = Hodor;
			productName = Hodor;
			productReference = FC3A246122EDF7F0009918CF /* Hodor.appex */;
			productType = "com.apple.product-type.app-extension";
		};
/* End PBXNativeTarget section */

/* Begin PBXProject section */
		FC3A243E22EDF75C009918CF /* Project object */ = {
			isa = PBXProject;
			attributes = {
				LastSwiftUpdateCheck = 1100;
				LastUpgradeCheck = 1100;
				ORGANIZATIONNAME = "Atil Samancioglu";
				TargetAttributes = {
					FC3A244522EDF75C009918CF = {
						CreatedOnToolsVersion = 11.0;
					};
					FC3A246022EDF7F0009918CF = {
						CreatedOnToolsVersion = 11.0;
					};
				};
			};
			buildConfigurationList = FC3A244122EDF75C009918CF /* Build configuration list for PBXProject "HodorKeyboard" */;
			compatibilityVersion = "Xcode 9.3";
			developmentRegion = en;
			hasScannedForEncodings = 0;
			knownRegions = (
				en,
				Base,
			);
			mainGroup = FC3A243D22EDF75C009918CF;
			productRefGroup = FC3A244722EDF75C009918CF /* Products */;
			projectDirPath = "";
			projectRoot = "";
			targets = (
				FC3A244522EDF75C009918CF /* HodorKeyboard */,
				FC3A246022EDF7F0009918CF /* Hodor */,
			);
		};
/* End PBXProject section */

/* Begin PBXResourcesBuildPhase section */
		FC3A244422EDF75C009918CF /* Resources */ = {
			isa = PBXResourcesBuildPhase;
			buildActionMask = 2147483647;
			files = (
				FC3A245622EDF75E009918CF /* LaunchScreen.storyboard in Resources */,
				FC3A245322EDF75E009918CF /* Assets.xcassets in Resources */,
				FC3A245122EDF75C009918CF /* Main.storyboard in Resources */,
			);
			runOnlyForDeploymentPostprocessing = 0;
		};
		FC3A245F22EDF7F0009918CF /* Resources */ = {
			isa = PBXResourcesBuildPhase;
			buildActionMask = 2147483647;
			files = (
				FC3A246E22EDFB3F009918CF /* hodor.png in Resources */,
			);
			runOnlyForDeploymentPostprocessing = 0;
		};
/* End PBXResourcesBuildPhase section */

/* Begin PBXSourcesBuildPhase section */
		FC3A244222EDF75C009918CF /* Sources */ = {
			isa = PBXSourcesBuildPhase;
			buildActionMask = 2147483647;
			files = (
				FC3A244E22EDF75C009918CF /* ViewController.swift in Sources */,
				FC3A244A22EDF75C009918CF /* AppDelegate.swift in Sources */,
				FC3A244C22EDF75C009918CF /* SceneDelegate.swift in Sources */,
			);
			runOnlyForDeploymentPostprocessing = 0;
		};
		FC3A245D22EDF7F0009918CF /* Sources */ = {
			isa = PBXSourcesBuildPhase;
			buildActionMask = 2147483647;
			files = (
				FC3A246422EDF7F0009918CF /* KeyboardViewController.swift in Sources */,
			);
			runOnlyForDeploymentPostprocessing = 0;
		};
/* End PBXSourcesBuildPhase section */

/* Begin PBXTargetDependency section */
		FC3A246722EDF7F0009918CF /* PBXTargetDependency */ = {
			isa = PBXTargetDependency;
			target = FC3A246022EDF7F0009918CF /* Hodor */;
			targetProxy = FC3A246622EDF7F0009918CF /* PBXContainerItemProxy */;
		};
/* End PBXTargetDependency section */

/* Begin PBXVariantGroup section */
		FC3A244F22EDF75C009918CF /* Main.storyboard */ = {
			isa = PBXVariantGroup;
			children = (
				FC3A245022EDF75C009918CF /* Base */,
			);
			name = Main.storyboard;
			sourceTree = "<group>";
		};
		FC3A245422EDF75E009918CF /* LaunchScreen.storyboard */ = {
			isa = PBXVariantGroup;
			children = (
				FC3A245522EDF75E009918CF /* Base */,
			);
			name = LaunchScreen.storyboard;
			sourceTree = "<group>";
		};
/* End PBXVariantGroup section */

/* Begin XCBuildConfiguration section */
		FC3A245822EDF75E009918CF /* Debug */ = {
			isa = XCBuildConfiguration;
			buildSettings = {
				ALWAYS_SEARCH_USER_PATHS = NO;
				CLANG_ANALYZER_NONNULL = YES;
				CLANG_ANALYZER_NUMBER_OBJECT_CONVERSION = YES_AGGRESSIVE;
				CLANG_CXX_LANGUAGE_STANDARD = "gnu++14";
				CLANG_CXX_LIBRARY = "libc++";
				CLANG_ENABLE_MODULES = YES;
				CLANG_ENABLE_OBJC_ARC = YES;
				CLANG_ENABLE_OBJC_WEAK = YES;
				CLANG_WARN_BLOCK_CAPTURE_AUTORELEASING = YES;
				CLANG_WARN_BOOL_CONVERSION = YES;
				CLANG_WARN_COMMA = YES;
				CLANG_WARN_CONSTANT_CONVERSION = YES;
				CLANG_WARN_DEPRECATED_OBJC_IMPLEMENTATIONS = YES;
				CLANG_WARN_DIRECT_OBJC_ISA_USAGE = YES_ERROR;
				CLANG_WARN_DOCUMENTATION_COMMENTS = YES;
				CLANG_WARN_EMPTY_BODY = YES;
				CLANG_WARN_ENUM_CONVERSION = YES;
				CLANG_WARN_INFINITE_RECURSION = YES;
				CLANG_WARN_INT_CONVERSION = YES;
				CLANG_WARN_NON_LITERAL_NULL_CONVERSION = YES;
				CLANG_WARN_OBJC_IMPLICIT_RETAIN_SELF = YES;
				CLANG_WARN_OBJC_LITERAL_CONVERSION = YES;
				CLANG_WARN_OBJC_ROOT_CLASS = YES_ERROR;
				CLANG_WARN_RANGE_LOOP_ANALYSIS = YES;
				CLANG_WARN_STRICT_PROTOTYPES = YES;
				CLANG_WARN_SUSPICIOUS_MOVE = YES;
				CLANG_WARN_UNGUARDED_AVAILABILITY = YES_AGGRESSIVE;
				CLANG_WARN_UNREACHABLE_CODE = YES;
				CLANG_WARN__DUPLICATE_METHOD_MATCH = YES;
				COPY_PHASE_STRIP = NO;
				DEBUG_INFORMATION_FORMAT = dwarf;
				ENABLE_STRICT_OBJC_MSGSEND = YES;
				ENABLE_TESTABILITY = YES;
				GCC_C_LANGUAGE_STANDARD = gnu11;
				GCC_DYNAMIC_NO_PIC = NO;
				GCC_NO_COMMON_BLOCKS = YES;
				GCC_OPTIMIZATION_LEVEL = 0;
				GCC_PREPROCESSOR_DEFINITIONS = (
					"DEBUG=1",
					"$(inherited)",
				);
				GCC_WARN_64_TO_32_BIT_CONVERSION = YES;
				GCC_WARN_ABOUT_RETURN_TYPE = YES_ERROR;
				GCC_WARN_UNDECLARED_SELECTOR = YES;
				GCC_WARN_UNINITIALIZED_AUTOS = YES_AGGRESSIVE;
				GCC_WARN_UNUSED_FUNCTION = YES;
				GCC_WARN_UNUSED_VARIABLE = YES;
				IPHONEOS_DEPLOYMENT_TARGET = 13.0;
				MTL_ENABLE_DEBUG_INFO = INCLUDE_SOURCE;
				MTL_FAST_MATH = YES;
				ONLY_ACTIVE_ARCH = YES;
				SDKROOT = iphoneos;
				SWIFT_ACTIVE_COMPILATION_CONDITIONS = DEBUG;
				SWIFT_OPTIMIZATION_LEVEL = "-Onone";
			};
			name = Debug;
		};
		FC3A245922EDF75E009918CF /* Release */ = {
			isa = XCBuildConfiguration;
			buildSettings = {
				ALWAYS_SEARCH_USER_PATHS = NO;
				CLANG_ANALYZER_NONNULL = YES;
				CLANG_ANALYZER_NUMBER_OBJECT_CONVERSION = YES_AGGRESSIVE;
				CLANG_CXX_LANGUAGE_STANDARD = "gnu++14";
				CLANG_CXX_LIBRARY = "libc++";
				CLANG_ENABLE_MODULES = YES;
				CLANG_ENABLE_OBJC_ARC = YES;
				CLANG_ENABLE_OBJC_WEAK = YES;
				CLANG_WARN_BLOCK_CAPTURE_AUTORELEASING = YES;
				CLANG_WARN_BOOL_CONVERSION = YES;
				CLANG_WARN_COMMA = YES;
				CLANG_WARN_CONSTANT_CONVERSION = YES;
				CLANG_WARN_DEPRECATED_OBJC_IMPLEMENTATIONS = YES;
				CLANG_WARN_DIRECT_OBJC_ISA_USAGE = YES_ERROR;
				CLANG_WARN_DOCUMENTATION_COMMENTS = YES;
				CLANG_WARN_EMPTY_BODY = YES;
				CLANG_WARN_ENUM_CONVERSION = YES;
				CLANG_WARN_INFINITE_RECURSION = YES;
				CLANG_WARN_INT_CONVERSION = YES;
				CLANG_WARN_NON_LITERAL_NULL_CONVERSION = YES;
				CLANG_WARN_OBJC_IMPLICIT_RETAIN_SELF = YES;
				CLANG_WARN_OBJC_LITERAL_CONVERSION = YES;
				CLANG_WARN_OBJC_ROOT_CLASS = YES_ERROR;
				CLANG_WARN_RANGE_LOOP_ANALYSIS = YES;
				CLANG_WARN_STRICT_PROTOTYPES = YES;
				CLANG_WARN_SUSPICIOUS_MOVE = YES;
				CLANG_WARN_UNGUARDED_AVAILABILITY = YES_AGGRESSIVE;
				CLANG_WARN_UNREACHABLE_CODE = YES;
				CLANG_WARN__DUPLICATE_METHOD_MATCH = YES;
				COPY_PHASE_STRIP = NO;
				DEBUG_INFORMATION_FORMAT = "dwarf-with-dsym";
				ENABLE_NS_ASSERTIONS = NO;
				ENABLE_STRICT_OBJC_MSGSEND = YES;
				GCC_C_LANGUAGE_STANDARD = gnu11;
				GCC_NO_COMMON_BLOCKS = YES;
				GCC_WARN_64_TO_32_BIT_CONVERSION = YES;
				GCC_WARN_ABOUT_RETURN_TYPE = YES_ERROR;
				GCC_WARN_UNDECLARED_SELECTOR = YES;
				GCC_WARN_UNINITIALIZED_AUTOS = YES_AGGRESSIVE;
				GCC_WARN_UNUSED_FUNCTION = YES;
				GCC_WARN_UNUSED_VARIABLE = YES;
				IPHONEOS_DEPLOYMENT_TARGET = 13.0;
				MTL_ENABLE_DEBUG_INFO = NO;
				MTL_FAST_MATH = YES;
				SDKROOT = iphoneos;
				SWIFT_COMPILATION_MODE = wholemodule;
				SWIFT_OPTIMIZATION_LEVEL = "-O";
				VALIDATE_PRODUCT = YES;
			};
			name = Release;
		};
		FC3A245B22EDF75E009918CF /* Debug */ = {
			isa = XCBuildConfiguration;
			buildSettings = {
				ALWAYS_EMBED_SWIFT_STANDARD_LIBRARIES = YES;
				ASSETCATALOG_COMPILER_APPICON_NAME = AppIcon;
				CODE_SIGN_STYLE = Automatic;
				DEVELOPMENT_TEAM = 7SH627DBA4;
				INFOPLIST_FILE = HodorKeyboard/Info.plist;
				LD_RUNPATH_SEARCH_PATHS = (
					"$(inherited)",
					"@executable_path/Frameworks",
				);
				PRODUCT_BUNDLE_IDENTIFIER = com.atilsamancioglu.HodorKeyboard;
				PRODUCT_NAME = "$(TARGET_NAME)";
				SWIFT_VERSION = 5.0;
				TARGETED_DEVICE_FAMILY = "1,2";
			};
			name = Debug;
		};
		FC3A245C22EDF75E009918CF /* Release */ = {
			isa = XCBuildConfiguration;
			buildSettings = {
				ALWAYS_EMBED_SWIFT_STANDARD_LIBRARIES = YES;
				ASSETCATALOG_COMPILER_APPICON_NAME = AppIcon;
				CODE_SIGN_STYLE = Automatic;
				DEVELOPMENT_TEAM = 7SH627DBA4;
				INFOPLIST_FILE = HodorKeyboard/Info.plist;
				LD_RUNPATH_SEARCH_PATHS = (
					"$(inherited)",
					"@executable_path/Frameworks",
				);
				PRODUCT_BUNDLE_IDENTIFIER = com.atilsamancioglu.HodorKeyboard;
				PRODUCT_NAME = "$(TARGET_NAME)";
				SWIFT_VERSION = 5.0;
				TARGETED_DEVICE_FAMILY = "1,2";
			};
			name = Release;
		};
		FC3A246A22EDF7F0009918CF /* Debug */ = {
			isa = XCBuildConfiguration;
			buildSettings = {
				CODE_SIGN_STYLE = Automatic;
				DEVELOPMENT_TEAM = 7SH627DBA4;
				INFOPLIST_FILE = Hodor/Info.plist;
				LD_RUNPATH_SEARCH_PATHS = (
					"$(inherited)",
					"@executable_path/Frameworks",
					"@executable_path/../../Frameworks",
				);
				PRODUCT_BUNDLE_IDENTIFIER = com.atilsamancioglu.HodorKeyboard.Hodor;
				PRODUCT_NAME = "$(TARGET_NAME)";
				SKIP_INSTALL = YES;
				SWIFT_VERSION = 5.0;
				TARGETED_DEVICE_FAMILY = "1,2";
			};
			name = Debug;
		};
		FC3A246B22EDF7F0009918CF /* Release */ = {
			isa = XCBuildConfiguration;
			buildSettings = {
				CODE_SIGN_STYLE = Automatic;
				DEVELOPMENT_TEAM = 7SH627DBA4;
				INFOPLIST_FILE = Hodor/Info.plist;
				LD_RUNPATH_SEARCH_PATHS = (
					"$(inherited)",
					"@executable_path/Frameworks",
					"@executable_path/../../Frameworks",
				);
				PRODUCT_BUNDLE_IDENTIFIER = com.atilsamancioglu.HodorKeyboard.Hodor;
				PRODUCT_NAME = "$(TARGET_NAME)";
				SKIP_INSTALL = YES;
				SWIFT_VERSION = 5.0;
				TARGETED_DEVICE_FAMILY = "1,2";
			};
			name = Release;
		};
/* End XCBuildConfiguration section */

/* Begin XCConfigurationList section */
		FC3A244122EDF75C009918CF /* Build configuration list for PBXProject "HodorKeyboard" */ = {
			isa = XCConfigurationList;
			buildConfigurations = (
				FC3A245822EDF75E009918CF /* Debug */,
				FC3A245922EDF75E009918CF /* Release */,
			);
			defaultConfigurationIsVisible = 0;
			defaultConfigurationName = Release;
		};
		FC3A245A22EDF75E009918CF /* Build configuration list for PBXNativeTarget "HodorKeyboard" */ = {
			isa = XCConfigurationList;
			buildConfigurations = (
				FC3A245B22EDF75E009918CF /* Debug */,
				FC3A245C22EDF75E009918CF /* Release */,
			);
			defaultConfigurationIsVisible = 0;
			defaultConfigurationName = Release;
		};
		FC3A246922EDF7F0009918CF /* Build configuration list for PBXNativeTarget "Hodor" */ = {
			isa = XCConfigurationList;
			buildConfigurations = (
				FC3A246A22EDF7F0009918CF /* Debug */,
				FC3A246B22EDF7F0009918CF /* Release */,
			);
			defaultConfigurationIsVisible = 0;
			defaultConfigurationName = Release;
		};
/* End XCConfigurationList section */
	};
	rootObject = FC3A243E22EDF75C009918CF /* Project object */;
}
